// !$*UTF8*$!
{
	archiveVersion = 1;
	classes = {
	};
	objectVersion = 50;
	objects = {

/* Begin PBXBuildFile section */
		6341E70A22EA27B5004A97AD /* AppDelegate.swift in Sources */ = {isa = PBXBuildFile; fileRef = 6341E70922EA27B5004A97AD /* AppDelegate.swift */; };
		6341E70C22EA27B5004A97AD /* ViewController.swift in Sources */ = {isa = PBXBuildFile; fileRef = 6341E70B22EA27B5004A97AD /* ViewController.swift */; };
		6341E70F22EA27B5004A97AD /* Main.storyboard in Resources */ = {isa = PBXBuildFile; fileRef = 6341E70D22EA27B5004A97AD /* Main.storyboard */; };
		6341E71122EA27B6004A97AD /* Assets.xcassets in Resources */ = {isa = PBXBuildFile; fileRef = 6341E71022EA27B6004A97AD /* Assets.xcassets */; };
		6341E71422EA27B6004A97AD /* LaunchScreen.storyboard in Resources */ = {isa = PBXBuildFile; fileRef = 6341E71222EA27B6004A97AD /* LaunchScreen.storyboard */; };
		6341E73122EA281C004A97AD /* NibInstantiatable.swift in Sources */ = {isa = PBXBuildFile; fileRef = 6341E71C22EA281B004A97AD /* NibInstantiatable.swift */; };
		6341E73222EA281C004A97AD /* ContentRouter.swift in Sources */ = {isa = PBXBuildFile; fileRef = 6341E71F22EA281B004A97AD /* ContentRouter.swift */; };
		6341E73322EA281C004A97AD /* ContentPresenter.swift in Sources */ = {isa = PBXBuildFile; fileRef = 6341E72022EA281B004A97AD /* ContentPresenter.swift */; };
		6341E73422EA281C004A97AD /* ContentViewController.swift in Sources */ = {isa = PBXBuildFile; fileRef = 6341E72222EA281B004A97AD /* ContentViewController.swift */; };
		6341E73522EA281C004A97AD /* Identifiable.swift in Sources */ = {isa = PBXBuildFile; fileRef = 6341E72322EA281B004A97AD /* Identifiable.swift */; };
		6341E73C22EA281C004A97AD /* UIViewExtension.swift in Sources */ = {isa = PBXBuildFile; fileRef = 6341E72B22EA281B004A97AD /* UIViewExtension.swift */; };
		6341E74122EA281C004A97AD /* StoryboardInstantiatable.swift in Sources */ = {isa = PBXBuildFile; fileRef = 6341E73022EA281B004A97AD /* StoryboardInstantiatable.swift */; };
		6341E75422EA288D004A97AD /* GPUImage.framework in Frameworks */ = {isa = PBXBuildFile; fileRef = 6341E75022EA2878004A97AD /* GPUImage.framework */; };
		6341E75A22EA28C7004A97AD /* StillImageHighPassFilter.swift in Sources */ = {isa = PBXBuildFile; fileRef = 6341E75622EA28C7004A97AD /* StillImageHighPassFilter.swift */; };
		6341E75B22EA28C7004A97AD /* HighPassSkinSmoothingMaskGenerator.swift in Sources */ = {isa = PBXBuildFile; fileRef = 6341E75722EA28C7004A97AD /* HighPassSkinSmoothingMaskGenerator.swift */; };
		6341E75C22EA28C7004A97AD /* HighPassSkinSmoothingRadius.swift in Sources */ = {isa = PBXBuildFile; fileRef = 6341E75822EA28C7004A97AD /* HighPassSkinSmoothingRadius.swift */; };
		6341E75D22EA28C7004A97AD /* HighPassSkinSmoothingFilter.swift in Sources */ = {isa = PBXBuildFile; fileRef = 6341E75922EA28C7004A97AD /* HighPassSkinSmoothingFilter.swift */; };
		63D135AB22EA2BB0009C26F7 /* GPUImage.framework in Embed Frameworks */ = {isa = PBXBuildFile; fileRef = 6341E75022EA2878004A97AD /* GPUImage.framework */; settings = {ATTRIBUTES = (CodeSignOnCopy, RemoveHeadersOnCopy, ); }; };
		63D135B122EA2D48009C26F7 /* UICellExtension.swift in Sources */ = {isa = PBXBuildFile; fileRef = 63D135B022EA2D48009C26F7 /* UICellExtension.swift */; };
		63D135B322EA2D5F009C26F7 /* CMTimeExtension.swift in Sources */ = {isa = PBXBuildFile; fileRef = 63D135B222EA2D5F009C26F7 /* CMTimeExtension.swift */; };
/* End PBXBuildFile section */

/* Begin PBXContainerItemProxy section */
		6341E74B22EA2878004A97AD /* PBXContainerItemProxy */ = {
			isa = PBXContainerItemProxy;
			containerPortal = 6341E74422EA2878004A97AD /* GPUImage.xcodeproj */;
			proxyType = 2;
			remoteGlobalIDString = BC6E7CAB1C39A9D8006DF678;
			remoteInfo = GPUImage_macOS;
		};
		6341E74D22EA2878004A97AD /* PBXContainerItemProxy */ = {
			isa = PBXContainerItemProxy;
			containerPortal = 6341E74422EA2878004A97AD /* GPUImage.xcodeproj */;
			proxyType = 2;
			remoteGlobalIDString = BC6E7CB51C39A9D8006DF678;
			remoteInfo = GPUImageTests_macOS;
		};
		6341E74F22EA2878004A97AD /* PBXContainerItemProxy */ = {
			isa = PBXContainerItemProxy;
			containerPortal = 6341E74422EA2878004A97AD /* GPUImage.xcodeproj */;
			proxyType = 2;
			remoteGlobalIDString = BC9E34E91E524A2200B8604F;
			remoteInfo = GPUImage_iOS;
		};
		6341E75122EA2878004A97AD /* PBXContainerItemProxy */ = {
			isa = PBXContainerItemProxy;
			containerPortal = 6341E74422EA2878004A97AD /* GPUImage.xcodeproj */;
			proxyType = 2;
			remoteGlobalIDString = BC9E34F11E524A2200B8604F;
			remoteInfo = GPUImageTests_iOS;
		};
		63D135AC22EA2BB0009C26F7 /* PBXContainerItemProxy */ = {
			isa = PBXContainerItemProxy;
			containerPortal = 6341E74422EA2878004A97AD /* GPUImage.xcodeproj */;
			proxyType = 1;
			remoteGlobalIDString = BC9E34E81E524A2200B8604F;
			remoteInfo = GPUImage_iOS;
		};
/* End PBXContainerItemProxy section */

/* Begin PBXCopyFilesBuildPhase section */
		63D135AE22EA2BB0009C26F7 /* Embed Frameworks */ = {
			isa = PBXCopyFilesBuildPhase;
			buildActionMask = 2147483647;
			dstPath = "";
			dstSubfolderSpec = 10;
			files = (
				63D135AB22EA2BB0009C26F7 /* GPUImage.framework in Embed Frameworks */,
			);
			name = "Embed Frameworks";
			runOnlyForDeploymentPostprocessing = 0;
		};
/* End PBXCopyFilesBuildPhase section */

/* Begin PBXFileReference section */
		6341E70622EA27B5004A97AD /* HighPassSmoothSkinFilter.app */ = {isa = PBXFileReference; explicitFileType = wrapper.application; includeInIndex = 0; path = HighPassSmoothSkinFilter.app; sourceTree = BUILT_PRODUCTS_DIR; };
		6341E70922EA27B5004A97AD /* AppDelegate.swift */ = {isa = PBXFileReference; lastKnownFileType = sourcecode.swift; path = AppDelegate.swift; sourceTree = "<group>"; };
		6341E70B22EA27B5004A97AD /* ViewController.swift */ = {isa = PBXFileReference; lastKnownFileType = sourcecode.swift; path = ViewController.swift; sourceTree = "<group>"; };
		6341E70E22EA27B5004A97AD /* Base */ = {isa = PBXFileReference; lastKnownFileType = file.storyboard; name = Base; path = Base.lproj/Main.storyboard; sourceTree = "<group>"; };
		6341E71022EA27B6004A97AD /* Assets.xcassets */ = {isa = PBXFileReference; lastKnownFileType = folder.assetcatalog; path = Assets.xcassets; sourceTree = "<group>"; };
		6341E71322EA27B6004A97AD /* Base */ = {isa = PBXFileReference; lastKnownFileType = file.storyboard; name = Base; path = Base.lproj/LaunchScreen.storyboard; sourceTree = "<group>"; };
		6341E71522EA27B6004A97AD /* Info.plist */ = {isa = PBXFileReference; lastKnownFileType = text.plist.xml; path = Info.plist; sourceTree = "<group>"; };
		6341E71C22EA281B004A97AD /* NibInstantiatable.swift */ = {isa = PBXFileReference; fileEncoding = 4; lastKnownFileType = sourcecode.swift; path = NibInstantiatable.swift; sourceTree = "<group>"; };
		6341E71F22EA281B004A97AD /* ContentRouter.swift */ = {isa = PBXFileReference; fileEncoding = 4; lastKnownFileType = sourcecode.swift; path = ContentRouter.swift; sourceTree = "<group>"; };
		6341E72022EA281B004A97AD /* ContentPresenter.swift */ = {isa = PBXFileReference; fileEncoding = 4; lastKnownFileType = sourcecode.swift; path = ContentPresenter.swift; sourceTree = "<group>"; };
		6341E72222EA281B004A97AD /* ContentViewController.swift */ = {isa = PBXFileReference; fileEncoding = 4; lastKnownFileType = sourcecode.swift; path = ContentViewController.swift; sourceTree = "<group>"; };
		6341E72322EA281B004A97AD /* Identifiable.swift */ = {isa = PBXFileReference; fileEncoding = 4; lastKnownFileType = sourcecode.swift; path = Identifiable.swift; sourceTree = "<group>"; };
		6341E72B22EA281B004A97AD /* UIViewExtension.swift */ = {isa = PBXFileReference; fileEncoding = 4; lastKnownFileType = sourcecode.swift; path = UIViewExtension.swift; sourceTree = "<group>"; };
		6341E73022EA281B004A97AD /* StoryboardInstantiatable.swift */ = {isa = PBXFileReference; fileEncoding = 4; lastKnownFileType = sourcecode.swift; path = StoryboardInstantiatable.swift; sourceTree = "<group>"; };
		6341E74422EA2878004A97AD /* GPUImage.xcodeproj */ = {isa = PBXFileReference; lastKnownFileType = "wrapper.pb-project"; name = GPUImage.xcodeproj; path = "Libraries/GPUImage 2/GPUImage.xcodeproj"; sourceTree = SOURCE_ROOT; };
		6341E75622EA28C7004A97AD /* StillImageHighPassFilter.swift */ = {isa = PBXFileReference; fileEncoding = 4; lastKnownFileType = sourcecode.swift; path = StillImageHighPassFilter.swift; sourceTree = "<group>"; };
		6341E75722EA28C7004A97AD /* HighPassSkinSmoothingMaskGenerator.swift */ = {isa = PBXFileReference; fileEncoding = 4; lastKnownFileType = sourcecode.swift; path = HighPassSkinSmoothingMaskGenerator.swift; sourceTree = "<group>"; };
		6341E75822EA28C7004A97AD /* HighPassSkinSmoothingRadius.swift */ = {isa = PBXFileReference; fileEncoding = 4; lastKnownFileType = sourcecode.swift; path = HighPassSkinSmoothingRadius.swift; sourceTree = "<group>"; };
		6341E75922EA28C7004A97AD /* HighPassSkinSmoothingFilter.swift */ = {isa = PBXFileReference; fileEncoding = 4; lastKnownFileType = sourcecode.swift; path = HighPassSkinSmoothingFilter.swift; sourceTree = "<group>"; };
		63D135B022EA2D48009C26F7 /* UICellExtension.swift */ = {isa = PBXFileReference; fileEncoding = 4; lastKnownFileType = sourcecode.swift; path = UICellExtension.swift; sourceTree = "<group>"; };
		63D135B222EA2D5F009C26F7 /* CMTimeExtension.swift */ = {isa = PBXFileReference; fileEncoding = 4; lastKnownFileType = sourcecode.swift; path = CMTimeExtension.swift; sourceTree = "<group>"; };
/* End PBXFileReference section */

/* Begin PBXFrameworksBuildPhase section */
		6341E70322EA27B5004A97AD /* Frameworks */ = {
			isa = PBXFrameworksBuildPhase;
			buildActionMask = 2147483647;
			files = (
				6341E75422EA288D004A97AD /* GPUImage.framework in Frameworks */,
			);
			runOnlyForDeploymentPostprocessing = 0;
		};
/* End PBXFrameworksBuildPhase section */

/* Begin PBXGroup section */
		6341E6FD22EA27B5004A97AD = {
			isa = PBXGroup;
			children = (
				6341E70822EA27B5004A97AD /* HighPassSmoothSkinFilter */,
				6341E70722EA27B5004A97AD /* Products */,
				6341E75322EA288D004A97AD /* Frameworks */,
			);
			sourceTree = "<group>";
		};
		6341E70722EA27B5004A97AD /* Products */ = {
			isa = PBXGroup;
			children = (
				6341E70622EA27B5004A97AD /* HighPassSmoothSkinFilter.app */,
			);
			name = Products;
			sourceTree = "<group>";
		};
		6341E70822EA27B5004A97AD /* HighPassSmoothSkinFilter */ = {
			isa = PBXGroup;
			children = (
				6341E75522EA28C7004A97AD /* Source */,
				6341E74422EA2878004A97AD /* GPUImage.xcodeproj */,
				6341E70922EA27B5004A97AD /* AppDelegate.swift */,
				6341E70B22EA27B5004A97AD /* ViewController.swift */,
				6341E70D22EA27B5004A97AD /* Main.storyboard */,
				6341E71D22EA281B004A97AD /* Content */,
				6341E72422EA281B004A97AD /* Extensions */,
				6341E71022EA27B6004A97AD /* Assets.xcassets */,
				6341E71222EA27B6004A97AD /* LaunchScreen.storyboard */,
				6341E71522EA27B6004A97AD /* Info.plist */,
			);
			path = HighPassSmoothSkinFilter;
			sourceTree = "<group>";
		};
		6341E71D22EA281B004A97AD /* Content */ = {
			isa = PBXGroup;
			children = (
				6341E71E22EA281B004A97AD /* Core */,
				6341E72122EA281B004A97AD /* User Interface */,
			);
			path = Content;
			sourceTree = "<group>";
		};
		6341E71E22EA281B004A97AD /* Core */ = {
			isa = PBXGroup;
			children = (
				6341E71F22EA281B004A97AD /* ContentRouter.swift */,
				6341E72022EA281B004A97AD /* ContentPresenter.swift */,
			);
			path = Core;
			sourceTree = "<group>";
		};
		6341E72122EA281B004A97AD /* User Interface */ = {
			isa = PBXGroup;
			children = (
				6341E72222EA281B004A97AD /* ContentViewController.swift */,
			);
			path = "User Interface";
			sourceTree = "<group>";
		};
		6341E72422EA281B004A97AD /* Extensions */ = {
			isa = PBXGroup;
			children = (
				63D135B222EA2D5F009C26F7 /* CMTimeExtension.swift */,
				63D135B022EA2D48009C26F7 /* UICellExtension.swift */,
				6341E72322EA281B004A97AD /* Identifiable.swift */,
				6341E71C22EA281B004A97AD /* NibInstantiatable.swift */,
				6341E73022EA281B004A97AD /* StoryboardInstantiatable.swift */,
				6341E72B22EA281B004A97AD /* UIViewExtension.swift */,
			);
			path = Extensions;
			sourceTree = "<group>";
		};
		6341E74522EA2878004A97AD /* Products */ = {
			isa = PBXGroup;
			children = (
				6341E74C22EA2878004A97AD /* GPUImage.framework */,
				6341E74E22EA2878004A97AD /* GPUImageTests_macOS.xctest */,
				6341E75022EA2878004A97AD /* GPUImage.framework */,
				6341E75222EA2878004A97AD /* GPUImageTests_iOS.xctest */,
			);
			name = Products;
			sourceTree = "<group>";
		};
		6341E75322EA288D004A97AD /* Frameworks */ = {
			isa = PBXGroup;
			children = (
			);
			name = Frameworks;
			sourceTree = "<group>";
		};
		6341E75522EA28C7004A97AD /* Source */ = {
			isa = PBXGroup;
			children = (
				6341E75622EA28C7004A97AD /* StillImageHighPassFilter.swift */,
				6341E75722EA28C7004A97AD /* HighPassSkinSmoothingMaskGenerator.swift */,
				6341E75822EA28C7004A97AD /* HighPassSkinSmoothingRadius.swift */,
				6341E75922EA28C7004A97AD /* HighPassSkinSmoothingFilter.swift */,
			);
			path = Source;
			sourceTree = SOURCE_ROOT;
		};
/* End PBXGroup section */

/* Begin PBXNativeTarget section */
		6341E70522EA27B5004A97AD /* HighPassSmoothSkinFilter */ = {
			isa = PBXNativeTarget;
			buildConfigurationList = 6341E71822EA27B6004A97AD /* Build configuration list for PBXNativeTarget "HighPassSmoothSkinFilter" */;
			buildPhases = (
				6341E70222EA27B5004A97AD /* Sources */,
				6341E70322EA27B5004A97AD /* Frameworks */,
				6341E70422EA27B5004A97AD /* Resources */,
				63D135AE22EA2BB0009C26F7 /* Embed Frameworks */,
			);
			buildRules = (
			);
			dependencies = (
				63D135AD22EA2BB0009C26F7 /* PBXTargetDependency */,
			);
			name = HighPassSmoothSkinFilter;
			productName = HighPassSmoothSkinFilter;
			productReference = 6341E70622EA27B5004A97AD /* HighPassSmoothSkinFilter.app */;
			productType = "com.apple.product-type.application";
		};
/* End PBXNativeTarget section */

/* Begin PBXProject section */
		6341E6FE22EA27B5004A97AD /* Project object */ = {
			isa = PBXProject;
			attributes = {
				LastSwiftUpdateCheck = 1030;
				LastUpgradeCheck = 1030;
				ORGANIZATIONNAME = "Taras Chernyshenko";
				TargetAttributes = {
					6341E70522EA27B5004A97AD = {
						CreatedOnToolsVersion = 10.3;
					};
				};
			};
			buildConfigurationList = 6341E70122EA27B5004A97AD /* Build configuration list for PBXProject "HighPassSmoothSkinFilter" */;
			compatibilityVersion = "Xcode 9.3";
			developmentRegion = en;
			hasScannedForEncodings = 0;
			knownRegions = (
				en,
				Base,
			);
			mainGroup = 6341E6FD22EA27B5004A97AD;
			productRefGroup = 6341E70722EA27B5004A97AD /* Products */;
			projectDirPath = "";
			projectReferences = (
				{
					ProductGroup = 6341E74522EA2878004A97AD /* Products */;
					ProjectRef = 6341E74422EA2878004A97AD /* GPUImage.xcodeproj */;
				},
			);
			projectRoot = "";
			targets = (
				6341E70522EA27B5004A97AD /* HighPassSmoothSkinFilter */,
			);
		};
/* End PBXProject section */

/* Begin PBXReferenceProxy section */
		6341E74C22EA2878004A97AD /* GPUImage.framework */ = {
			isa = PBXReferenceProxy;
			fileType = wrapper.framework;
			path = GPUImage.framework;
			remoteRef = 6341E74B22EA2878004A97AD /* PBXContainerItemProxy */;
			sourceTree = BUILT_PRODUCTS_DIR;
		};
		6341E74E22EA2878004A97AD /* GPUImageTests_macOS.xctest */ = {
			isa = PBXReferenceProxy;
			fileType = wrapper.cfbundle;
			path = GPUImageTests_macOS.xctest;
			remoteRef = 6341E74D22EA2878004A97AD /* PBXContainerItemProxy */;
			sourceTree = BUILT_PRODUCTS_DIR;
		};
		6341E75022EA2878004A97AD /* GPUImage.framework */ = {
			isa = PBXReferenceProxy;
			fileType = wrapper.framework;
			path = GPUImage.framework;
			remoteRef = 6341E74F22EA2878004A97AD /* PBXContainerItemProxy */;
			sourceTree = BUILT_PRODUCTS_DIR;
		};
		6341E75222EA2878004A97AD /* GPUImageTests_iOS.xctest */ = {
			isa = PBXReferenceProxy;
			fileType = wrapper.cfbundle;
			path = GPUImageTests_iOS.xctest;
			remoteRef = 6341E75122EA2878004A97AD /* PBXContainerItemProxy */;
			sourceTree = BUILT_PRODUCTS_DIR;
		};
/* End PBXReferenceProxy section */

/* Begin PBXResourcesBuildPhase section */
		6341E70422EA27B5004A97AD /* Resources */ = {
			isa = PBXResourcesBuildPhase;
			buildActionMask = 2147483647;
			files = (
				6341E71422EA27B6004A97AD /* LaunchScreen.storyboard in Resources */,
				6341E71122EA27B6004A97AD /* Assets.xcassets in Resources */,
				6341E70F22EA27B5004A97AD /* Main.storyboard in Resources */,
			);
			runOnlyForDeploymentPostprocessing = 0;
		};
/* End PBXResourcesBuildPhase section */

/* Begin PBXSourcesBuildPhase section */
		6341E70222EA27B5004A97AD /* Sources */ = {
			isa = PBXSourcesBuildPhase;
			buildActionMask = 2147483647;
			files = (
				6341E73122EA281C004A97AD /* NibInstantiatable.swift in Sources */,
				6341E70C22EA27B5004A97AD /* ViewController.swift in Sources */,
				6341E75A22EA28C7004A97AD /* StillImageHighPassFilter.swift in Sources */,
				6341E75D22EA28C7004A97AD /* HighPassSkinSmoothingFilter.swift in Sources */,
				6341E73C22EA281C004A97AD /* UIViewExtension.swift in Sources */,
				6341E73222EA281C004A97AD /* ContentRouter.swift in Sources */,
				6341E70A22EA27B5004A97AD /* AppDelegate.swift in Sources */,
				6341E73522EA281C004A97AD /* Identifiable.swift in Sources */,
				6341E75C22EA28C7004A97AD /* HighPassSkinSmoothingRadius.swift in Sources */,
				6341E75B22EA28C7004A97AD /* HighPassSkinSmoothingMaskGenerator.swift in Sources */,
				6341E73422EA281C004A97AD /* ContentViewController.swift in Sources */,
				63D135B122EA2D48009C26F7 /* UICellExtension.swift in Sources */,
				63D135B322EA2D5F009C26F7 /* CMTimeExtension.swift in Sources */,
				6341E74122EA281C004A97AD /* StoryboardInstantiatable.swift in Sources */,
				6341E73322EA281C004A97AD /* ContentPresenter.swift in Sources */,
			);
			runOnlyForDeploymentPostprocessing = 0;
		};
/* End PBXSourcesBuildPhase section */

/* Begin PBXTargetDependency section */
		63D135AD22EA2BB0009C26F7 /* PBXTargetDependency */ = {
			isa = PBXTargetDependency;
			name = GPUImage_iOS;
			targetProxy = 63D135AC22EA2BB0009C26F7 /* PBXContainerItemProxy */;
		};
/* End PBXTargetDependency section */

/* Begin PBXVariantGroup section */
		6341E70D22EA27B5004A97AD /* Main.storyboard */ = {
			isa = PBXVariantGroup;
			children = (
				6341E70E22EA27B5004A97AD /* Base */,
			);
			name = Main.storyboard;
			sourceTree = "<group>";
		};
		6341E71222EA27B6004A97AD /* LaunchScreen.storyboard */ = {
			isa = PBXVariantGroup;
			children = (
				6341E71322EA27B6004A97AD /* Base */,
			);
			name = LaunchScreen.storyboard;
			sourceTree = "<group>";
		};
/* End PBXVariantGroup section */

/* Begin XCBuildConfiguration section */
		6341E71622EA27B6004A97AD /* Debug */ = {
			isa = XCBuildConfiguration;
			buildSettings = {
				ALWAYS_SEARCH_USER_PATHS = NO;
				CLANG_ANALYZER_NONNULL = YES;
				CLANG_ANALYZER_NUMBER_OBJECT_CONVERSION = YES_AGGRESSIVE;
				CLANG_CXX_LANGUAGE_STANDARD = "gnu++14";
				CLANG_CXX_LIBRARY = "libc++";
				CLANG_ENABLE_MODULES = YES;
				CLANG_ENABLE_OBJC_ARC = YES;
				CLANG_ENABLE_OBJC_WEAK = YES;
				CLANG_WARN_BLOCK_CAPTURE_AUTORELEASING = YES;
				CLANG_WARN_BOOL_CONVERSION = YES;
				CLANG_WARN_COMMA = YES;
				CLANG_WARN_CONSTANT_CONVERSION = YES;
				CLANG_WARN_DEPRECATED_OBJC_IMPLEMENTATIONS = YES;
				CLANG_WARN_DIRECT_OBJC_ISA_USAGE = YES_ERROR;
				CLANG_WARN_DOCUMENTATION_COMMENTS = YES;
				CLANG_WARN_EMPTY_BODY = YES;
				CLANG_WARN_ENUM_CONVERSION = YES;
				CLANG_WARN_INFINITE_RECURSION = YES;
				CLANG_WARN_INT_CONVERSION = YES;
				CLANG_WARN_NON_LITERAL_NULL_CONVERSION = YES;
				CLANG_WARN_OBJC_IMPLICIT_RETAIN_SELF = YES;
				CLANG_WARN_OBJC_LITERAL_CONVERSION = YES;
				CLANG_WARN_OBJC_ROOT_CLASS = YES_ERROR;
				CLANG_WARN_RANGE_LOOP_ANALYSIS = YES;
				CLANG_WARN_STRICT_PROTOTYPES = YES;
				CLANG_WARN_SUSPICIOUS_MOVE = YES;
				CLANG_WARN_UNGUARDED_AVAILABILITY = YES_AGGRESSIVE;
				CLANG_WARN_UNREACHABLE_CODE = YES;
				CLANG_WARN__DUPLICATE_METHOD_MATCH = YES;
				CODE_SIGN_IDENTITY = "iPhone Developer";
				COPY_PHASE_STRIP = NO;
				DEBUG_INFORMATION_FORMAT = dwarf;
				ENABLE_STRICT_OBJC_MSGSEND = YES;
				ENABLE_TESTABILITY = YES;
				GCC_C_LANGUAGE_STANDARD = gnu11;
				GCC_DYNAMIC_NO_PIC = NO;
				GCC_NO_COMMON_BLOCKS = YES;
				GCC_OPTIMIZATION_LEVEL = 0;
				GCC_PREPROCESSOR_DEFINITIONS = (
					"DEBUG=1",
					"$(inherited)",
				);
				GCC_WARN_64_TO_32_BIT_CONVERSION = YES;
				GCC_WARN_ABOUT_RETURN_TYPE = YES_ERROR;
				GCC_WARN_UNDECLARED_SELECTOR = YES;
				GCC_WARN_UNINITIALIZED_AUTOS = YES_AGGRESSIVE;
				GCC_WARN_UNUSED_FUNCTION = YES;
				GCC_WARN_UNUSED_VARIABLE = YES;
				IPHONEOS_DEPLOYMENT_TARGET = 12.4;
				MTL_ENABLE_DEBUG_INFO = INCLUDE_SOURCE;
				MTL_FAST_MATH = YES;
				ONLY_ACTIVE_ARCH = YES;
				SDKROOT = iphoneos;
				SWIFT_ACTIVE_COMPILATION_CONDITIONS = DEBUG;
				SWIFT_OPTIMIZATION_LEVEL = "-Onone";
			};
			name = Debug;
		};
		6341E71722EA27B6004A97AD /* Release */ = {
			isa = XCBuildConfiguration;
			buildSettings = {
				ALWAYS_SEARCH_USER_PATHS = NO;
				CLANG_ANALYZER_NONNULL = YES;
				CLANG_ANALYZER_NUMBER_OBJECT_CONVERSION = YES_AGGRESSIVE;
				CLANG_CXX_LANGUAGE_STANDARD = "gnu++14";
				CLANG_CXX_LIBRARY = "libc++";
				CLANG_ENABLE_MODULES = YES;
				CLANG_ENABLE_OBJC_ARC = YES;
				CLANG_ENABLE_OBJC_WEAK = YES;
				CLANG_WARN_BLOCK_CAPTURE_AUTORELEASING = YES;
				CLANG_WARN_BOOL_CONVERSION = YES;
				CLANG_WARN_COMMA = YES;
				CLANG_WARN_CONSTANT_CONVERSION = YES;
				CLANG_WARN_DEPRECATED_OBJC_IMPLEMENTATIONS = YES;
				CLANG_WARN_DIRECT_OBJC_ISA_USAGE = YES_ERROR;
				CLANG_WARN_DOCUMENTATION_COMMENTS = YES;
				CLANG_WARN_EMPTY_BODY = YES;
				CLANG_WARN_ENUM_CONVERSION = YES;
				CLANG_WARN_INFINITE_RECURSION = YES;
				CLANG_WARN_INT_CONVERSION = YES;
				CLANG_WARN_NON_LITERAL_NULL_CONVERSION = YES;
				CLANG_WARN_OBJC_IMPLICIT_RETAIN_SELF = YES;
				CLANG_WARN_OBJC_LITERAL_CONVERSION = YES;
				CLANG_WARN_OBJC_ROOT_CLASS = YES_ERROR;
				CLANG_WARN_RANGE_LOOP_ANALYSIS = YES;
				CLANG_WARN_STRICT_PROTOTYPES = YES;
				CLANG_WARN_SUSPICIOUS_MOVE = YES;
				CLANG_WARN_UNGUARDED_AVAILABILITY = YES_AGGRESSIVE;
				CLANG_WARN_UNREACHABLE_CODE = YES;
				CLANG_WARN__DUPLICATE_METHOD_MATCH = YES;
				CODE_SIGN_IDENTITY = "iPhone Developer";
				COPY_PHASE_STRIP = NO;
				DEBUG_INFORMATION_FORMAT = "dwarf-with-dsym";
				ENABLE_NS_ASSERTIONS = NO;
				ENABLE_STRICT_OBJC_MSGSEND = YES;
				GCC_C_LANGUAGE_STANDARD = gnu11;
				GCC_NO_COMMON_BLOCKS = YES;
				GCC_WARN_64_TO_32_BIT_CONVERSION = YES;
				GCC_WARN_ABOUT_RETURN_TYPE = YES_ERROR;
				GCC_WARN_UNDECLARED_SELECTOR = YES;
				GCC_WARN_UNINITIALIZED_AUTOS = YES_AGGRESSIVE;
				GCC_WARN_UNUSED_FUNCTION = YES;
				GCC_WARN_UNUSED_VARIABLE = YES;
				IPHONEOS_DEPLOYMENT_TARGET = 12.4;
				MTL_ENABLE_DEBUG_INFO = NO;
				MTL_FAST_MATH = YES;
				SDKROOT = iphoneos;
				SWIFT_COMPILATION_MODE = wholemodule;
				SWIFT_OPTIMIZATION_LEVEL = "-O";
				VALIDATE_PRODUCT = YES;
			};
			name = Release;
		};
		6341E71922EA27B6004A97AD /* Debug */ = {
			isa = XCBuildConfiguration;
			buildSettings = {
				ALWAYS_EMBED_SWIFT_STANDARD_LIBRARIES = YES;
				ASSETCATALOG_COMPILER_APPICON_NAME = AppIcon;
				CODE_SIGN_STYLE = Automatic;
				DEVELOPMENT_TEAM = Z5G3WDJ23W;
				INFOPLIST_FILE = HighPassSmoothSkinFilter/Info.plist;
				IPHONEOS_DEPLOYMENT_TARGET = 11.0;
				LD_RUNPATH_SEARCH_PATHS = (
					"$(inherited)",
					"@executable_path/Frameworks",
				);
				PRODUCT_BUNDLE_IDENTIFIER = com.chernyshenko.HighPassSmoothSkinFilter;
				PRODUCT_NAME = "$(TARGET_NAME)";
				SWIFT_VERSION = 5.0;
				TARGETED_DEVICE_FAMILY = "1,2";
			};
			name = Debug;
		};
		6341E71A22EA27B6004A97AD /* Release */ = {
			isa = XCBuildConfiguration;
			buildSettings = {
				ALWAYS_EMBED_SWIFT_STANDARD_LIBRARIES = YES;
				ASSETCATALOG_COMPILER_APPICON_NAME = AppIcon;
				CODE_SIGN_STYLE = Automatic;
				DEVELOPMENT_TEAM = Z5G3WDJ23W;
				INFOPLIST_FILE = HighPassSmoothSkinFilter/Info.plist;
				IPHONEOS_DEPLOYMENT_TARGET = 11.0;
				LD_RUNPATH_SEARCH_PATHS = (
					"$(inherited)",
					"@executable_path/Frameworks",
				);
				PRODUCT_BUNDLE_IDENTIFIER = com.chernyshenko.HighPassSmoothSkinFilter;
				PRODUCT_NAME = "$(TARGET_NAME)";
				SWIFT_VERSION = 5.0;
				TARGETED_DEVICE_FAMILY = "1,2";
			};
			name = Release;
		};
/* End XCBuildConfiguration section */

/* Begin XCConfigurationList section */
		6341E70122EA27B5004A97AD /* Build configuration list for PBXProject "HighPassSmoothSkinFilter" */ = {
			isa = XCConfigurationList;
			buildConfigurations = (
				6341E71622EA27B6004A97AD /* Debug */,
				6341E71722EA27B6004A97AD /* Release */,
			);
			defaultConfigurationIsVisible = 0;
			defaultConfigurationName = Release;
		};
		6341E71822EA27B6004A97AD /* Build configuration list for PBXNativeTarget "HighPassSmoothSkinFilter" */ = {
			isa = XCConfigurationList;
			buildConfigurations = (
				6341E71922EA27B6004A97AD /* Debug */,
				6341E71A22EA27B6004A97AD /* Release */,
			);
			defaultConfigurationIsVisible = 0;
			defaultConfigurationName = Release;
		};
/* End XCConfigurationList section */
	};
	rootObject = 6341E6FE22EA27B5004A97AD /* Project object */;
}
